
Microsoft Visual Studio Solution File, Format Version 12.00
# Visual Studio Version 17
VisualStudioVersion = 17.3.32922.545
MinimumVisualStudioVersion = 10.0.40219.1
Project("{FAE04EC0-301F-11D3-BF4B-00C04F79EFBC}") = "PhotoProject", "PhotoProject.csproj", "{C8557AD9-BF24-41A9-AD3F-CB64C5531E4D}"
EndProject
Global
	GlobalSection(SolutionConfigurationPlatforms) = preSolution
		Debug|Any CPU = Debug|Any CPU
		Release|Any CPU = Release|Any CPU
	EndGlobalSection
	GlobalSection(ProjectConfigurationPlatforms) = postSolution
		{C8557AD9-BF24-41A9-AD3F-CB64C5531E4D}.Debug|Any CPU.ActiveCfg = Debug|Any CPU
		{C8557AD9-BF24-41A9-AD3F-CB64C5531E4D}.Debug|Any CPU.Build.0 = Debug|Any CPU
		{C8557AD9-BF24-41A9-AD3F-CB64C5531E4D}.Release|Any CPU.ActiveCfg = Release|Any CPU
		{C8557AD9-BF24-41A9-AD3F-CB64C5531E4D}.Release|Any CPU.Build.0 = Release|Any CPU
	EndGlobalSection
	GlobalSection(SolutionProperties) = preSolution
		HideSolutionNode = FALSE
	EndGlobalSection
	GlobalSection(ExtensibilityGlobals) = postSolution
		SolutionGuid = {60820BFA-6415-4346-90F9-C5BBE3BD1648}
	EndGlobalSection
EndGlobal
